
Microsoft Visual Studio Solution File, Format Version 12.00
# Visual Studio Version 17
VisualStudioVersion = 17.1.32328.378
MinimumVisualStudioVersion = 10.0.40219.1
Project("{FAE04EC0-301F-11D3-BF4B-00C04F79EFBC}") = "Liquid", "Liquid.csproj", "{C6E5940E-AB75-4109-9F2C-F2B6001A3C1E}"
EndProject
Global
	GlobalSection(SolutionConfigurationPlatforms) = preSolution
		Debug|Any CPU = Debug|Any CPU
		Release|Any CPU = Release|Any CPU
	EndGlobalSection
	GlobalSection(ProjectConfigurationPlatforms) = postSolution
		{C6E5940E-AB75-4109-9F2C-F2B6001A3C1E}.Debug|Any CPU.ActiveCfg = Debug|Any CPU
		{C6E5940E-AB75-4109-9F2C-F2B6001A3C1E}.Debug|Any CPU.Build.0 = Debug|Any CPU
		{C6E5940E-AB75-4109-9F2C-F2B6001A3C1E}.Release|Any CPU.ActiveCfg = Release|Any CPU
		{C6E5940E-AB75-4109-9F2C-F2B6001A3C1E}.Release|Any CPU.Build.0 = Release|Any CPU
	EndGlobalSection
	GlobalSection(SolutionProperties) = preSolution
		HideSolutionNode = FALSE
	EndGlobalSection
	GlobalSection(ExtensibilityGlobals) = postSolution
		SolutionGuid = {B7D53530-6AFA-47E8-BF01-89A80AF06727}
	EndGlobalSection
EndGlobal
