
Microsoft Visual Studio Solution File, Format Version 12.00
# Visual Studio Version 17
VisualStudioVersion = 17.1.32328.378
MinimumVisualStudioVersion = 10.0.40219.1
Project("{FAE04EC0-301F-11D3-BF4B-00C04F79EFBC}") = "Lottery_nexgen", "Lottery_nexgen.csproj", "{B01BA8EF-E521-4255-A10D-BC001456CB27}"
EndProject
Global
	GlobalSection(SolutionConfigurationPlatforms) = preSolution
		Debug|Any CPU = Debug|Any CPU
		Release|Any CPU = Release|Any CPU
	EndGlobalSection
	GlobalSection(ProjectConfigurationPlatforms) = postSolution
		{B01BA8EF-E521-4255-A10D-BC001456CB27}.Debug|Any CPU.ActiveCfg = Debug|Any CPU
		{B01BA8EF-E521-4255-A10D-BC001456CB27}.Debug|Any CPU.Build.0 = Debug|Any CPU
		{B01BA8EF-E521-4255-A10D-BC001456CB27}.Release|Any CPU.ActiveCfg = Release|Any CPU
		{B01BA8EF-E521-4255-A10D-BC001456CB27}.Release|Any CPU.Build.0 = Release|Any CPU
	EndGlobalSection
	GlobalSection(SolutionProperties) = preSolution
		HideSolutionNode = FALSE
	EndGlobalSection
	GlobalSection(ExtensibilityGlobals) = postSolution
		SolutionGuid = {A18258D9-E07A-4E40-87DE-3B67AC848010}
	EndGlobalSection
EndGlobal
