
Microsoft Visual Studio Solution File, Format Version 12.00
# Visual Studio Version 17
VisualStudioVersion = 17.3.32922.545
MinimumVisualStudioVersion = 10.0.40219.1
Project("{FAE04EC0-301F-11D3-BF4B-00C04F79EFBC}") = "AsyncAwait", "AsyncAwait\AsyncAwait.csproj", "{904FB477-C5E2-4D1B-9320-3F5EA3BC741B}"
EndProject
Global
	GlobalSection(SolutionConfigurationPlatforms) = preSolution
		Debug|Any CPU = Debug|Any CPU
		Release|Any CPU = Release|Any CPU
	EndGlobalSection
	GlobalSection(ProjectConfigurationPlatforms) = postSolution
		{904FB477-C5E2-4D1B-9320-3F5EA3BC741B}.Debug|Any CPU.ActiveCfg = Debug|Any CPU
		{904FB477-C5E2-4D1B-9320-3F5EA3BC741B}.Debug|Any CPU.Build.0 = Debug|Any CPU
		{904FB477-C5E2-4D1B-9320-3F5EA3BC741B}.Release|Any CPU.ActiveCfg = Release|Any CPU
		{904FB477-C5E2-4D1B-9320-3F5EA3BC741B}.Release|Any CPU.Build.0 = Release|Any CPU
	EndGlobalSection
	GlobalSection(SolutionProperties) = preSolution
		HideSolutionNode = FALSE
	EndGlobalSection
	GlobalSection(ExtensibilityGlobals) = postSolution
		SolutionGuid = {809BD8CB-BE40-4A24-91C6-B64F2535CD6E}
	EndGlobalSection
EndGlobal
