
Microsoft Visual Studio Solution File, Format Version 12.00
# Visual Studio Version 17
VisualStudioVersion = 17.1.32328.378
MinimumVisualStudioVersion = 10.0.40219.1
Project("{FAE04EC0-301F-11D3-BF4B-00C04F79EFBC}") = "Acclim", "Acclim.csproj", "{A0CA5B6B-97F9-4F58-8C4C-036D3F98F848}"
EndProject
Global
	GlobalSection(SolutionConfigurationPlatforms) = preSolution
		Debug|Any CPU = Debug|Any CPU
		Release|Any CPU = Release|Any CPU
	EndGlobalSection
	GlobalSection(ProjectConfigurationPlatforms) = postSolution
		{A0CA5B6B-97F9-4F58-8C4C-036D3F98F848}.Debug|Any CPU.ActiveCfg = Debug|Any CPU
		{A0CA5B6B-97F9-4F58-8C4C-036D3F98F848}.Debug|Any CPU.Build.0 = Debug|Any CPU
		{A0CA5B6B-97F9-4F58-8C4C-036D3F98F848}.Release|Any CPU.ActiveCfg = Release|Any CPU
		{A0CA5B6B-97F9-4F58-8C4C-036D3F98F848}.Release|Any CPU.Build.0 = Release|Any CPU
	EndGlobalSection
	GlobalSection(SolutionProperties) = preSolution
		HideSolutionNode = FALSE
	EndGlobalSection
	GlobalSection(ExtensibilityGlobals) = postSolution
		SolutionGuid = {5B270110-1E65-403B-BB6C-E2B0561604B8}
	EndGlobalSection
EndGlobal
