
Microsoft Visual Studio Solution File, Format Version 12.00
# Visual Studio Version 17
VisualStudioVersion = 17.1.32328.378
MinimumVisualStudioVersion = 10.0.40219.1
Project("{FAE04EC0-301F-11D3-BF4B-00C04F79EFBC}") = "GPS_Speed.Android", "GPS_Speed.Android\GPS_Speed.Android.csproj", "{E326CCD9-EC9A-45DD-9CF8-91A17E20B53C}"
EndProject
Project("{FAE04EC0-301F-11D3-BF4B-00C04F79EFBC}") = "GPS_Speed.iOS", "GPS_Speed.iOS\GPS_Speed.iOS.csproj", "{BA2C7E08-5C92-48D3-8E15-DE8C5CA32978}"
EndProject
Project("{FAE04EC0-301F-11D3-BF4B-00C04F79EFBC}") = "GPS_Speed", "GPS_Speed\GPS_Speed.csproj", "{9C678DD3-A5F8-4FE3-B061-B746B632C2B2}"
EndProject
Global
	GlobalSection(SolutionConfigurationPlatforms) = preSolution
		Debug|Any CPU = Debug|Any CPU
		Debug|iPhone = Debug|iPhone
		Debug|iPhoneSimulator = Debug|iPhoneSimulator
		Release|Any CPU = Release|Any CPU
		Release|iPhone = Release|iPhone
		Release|iPhoneSimulator = Release|iPhoneSimulator
	EndGlobalSection
	GlobalSection(ProjectConfigurationPlatforms) = postSolution
		{E326CCD9-EC9A-45DD-9CF8-91A17E20B53C}.Debug|Any CPU.ActiveCfg = Debug|Any CPU
		{E326CCD9-EC9A-45DD-9CF8-91A17E20B53C}.Debug|Any CPU.Build.0 = Debug|Any CPU
		{E326CCD9-EC9A-45DD-9CF8-91A17E20B53C}.Debug|Any CPU.Deploy.0 = Debug|Any CPU
		{E326CCD9-EC9A-45DD-9CF8-91A17E20B53C}.Debug|iPhone.ActiveCfg = Debug|Any CPU
		{E326CCD9-EC9A-45DD-9CF8-91A17E20B53C}.Debug|iPhone.Build.0 = Debug|Any CPU
		{E326CCD9-EC9A-45DD-9CF8-91A17E20B53C}.Debug|iPhone.Deploy.0 = Debug|Any CPU
		{E326CCD9-EC9A-45DD-9CF8-91A17E20B53C}.Debug|iPhoneSimulator.ActiveCfg = Debug|Any CPU
		{E326CCD9-EC9A-45DD-9CF8-91A17E20B53C}.Debug|iPhoneSimulator.Build.0 = Debug|Any CPU
		{E326CCD9-EC9A-45DD-9CF8-91A17E20B53C}.Debug|iPhoneSimulator.Deploy.0 = Debug|Any CPU
		{E326CCD9-EC9A-45DD-9CF8-91A17E20B53C}.Release|Any CPU.ActiveCfg = Release|Any CPU
		{E326CCD9-EC9A-45DD-9CF8-91A17E20B53C}.Release|Any CPU.Build.0 = Release|Any CPU
		{E326CCD9-EC9A-45DD-9CF8-91A17E20B53C}.Release|Any CPU.Deploy.0 = Release|Any CPU
		{E326CCD9-EC9A-45DD-9CF8-91A17E20B53C}.Release|iPhone.ActiveCfg = Release|Any CPU
		{E326CCD9-EC9A-45DD-9CF8-91A17E20B53C}.Release|iPhone.Build.0 = Release|Any CPU
		{E326CCD9-EC9A-45DD-9CF8-91A17E20B53C}.Release|iPhone.Deploy.0 = Release|Any CPU
		{E326CCD9-EC9A-45DD-9CF8-91A17E20B53C}.Release|iPhoneSimulator.ActiveCfg = Release|Any CPU
		{E326CCD9-EC9A-45DD-9CF8-91A17E20B53C}.Release|iPhoneSimulator.Build.0 = Release|Any CPU
		{E326CCD9-EC9A-45DD-9CF8-91A17E20B53C}.Release|iPhoneSimulator.Deploy.0 = Release|Any CPU
		{BA2C7E08-5C92-48D3-8E15-DE8C5CA32978}.Debug|Any CPU.ActiveCfg = Debug|iPhone
		{BA2C7E08-5C92-48D3-8E15-DE8C5CA32978}.Debug|Any CPU.Build.0 = Debug|iPhone
		{BA2C7E08-5C92-48D3-8E15-DE8C5CA32978}.Debug|Any CPU.Deploy.0 = Debug|iPhone
		{BA2C7E08-5C92-48D3-8E15-DE8C5CA32978}.Debug|iPhone.ActiveCfg = Debug|iPhone
		{BA2C7E08-5C92-48D3-8E15-DE8C5CA32978}.Debug|iPhone.Build.0 = Debug|iPhone
		{BA2C7E08-5C92-48D3-8E15-DE8C5CA32978}.Debug|iPhone.Deploy.0 = Debug|iPhone
		{BA2C7E08-5C92-48D3-8E15-DE8C5CA32978}.Debug|iPhoneSimulator.ActiveCfg = Debug|iPhoneSimulator
		{BA2C7E08-5C92-48D3-8E15-DE8C5CA32978}.Debug|iPhoneSimulator.Build.0 = Debug|iPhoneSimulator
		{BA2C7E08-5C92-48D3-8E15-DE8C5CA32978}.Debug|iPhoneSimulator.Deploy.0 = Debug|iPhoneSimulator
		{BA2C7E08-5C92-48D3-8E15-DE8C5CA32978}.Release|Any CPU.ActiveCfg = Release|iPhoneSimulator
		{BA2C7E08-5C92-48D3-8E15-DE8C5CA32978}.Release|Any CPU.Build.0 = Release|iPhoneSimulator
		{BA2C7E08-5C92-48D3-8E15-DE8C5CA32978}.Release|Any CPU.Deploy.0 = Release|iPhoneSimulator
		{BA2C7E08-5C92-48D3-8E15-DE8C5CA32978}.Release|iPhone.ActiveCfg = Release|iPhone
		{BA2C7E08-5C92-48D3-8E15-DE8C5CA32978}.Release|iPhone.Build.0 = Release|iPhone
		{BA2C7E08-5C92-48D3-8E15-DE8C5CA32978}.Release|iPhone.Deploy.0 = Release|iPhone
		{BA2C7E08-5C92-48D3-8E15-DE8C5CA32978}.Release|iPhoneSimulator.ActiveCfg = Release|iPhoneSimulator
		{BA2C7E08-5C92-48D3-8E15-DE8C5CA32978}.Release|iPhoneSimulator.Build.0 = Release|iPhoneSimulator
		{BA2C7E08-5C92-48D3-8E15-DE8C5CA32978}.Release|iPhoneSimulator.Deploy.0 = Release|iPhoneSimulator
		{9C678DD3-A5F8-4FE3-B061-B746B632C2B2}.Debug|Any CPU.ActiveCfg = Debug|Any CPU
		{9C678DD3-A5F8-4FE3-B061-B746B632C2B2}.Debug|Any CPU.Build.0 = Debug|Any CPU
		{9C678DD3-A5F8-4FE3-B061-B746B632C2B2}.Debug|Any CPU.Deploy.0 = Debug|Any CPU
		{9C678DD3-A5F8-4FE3-B061-B746B632C2B2}.Debug|iPhone.ActiveCfg = Debug|Any CPU
		{9C678DD3-A5F8-4FE3-B061-B746B632C2B2}.Debug|iPhone.Build.0 = Debug|Any CPU
		{9C678DD3-A5F8-4FE3-B061-B746B632C2B2}.Debug|iPhone.Deploy.0 = Debug|Any CPU
		{9C678DD3-A5F8-4FE3-B061-B746B632C2B2}.Debug|iPhoneSimulator.ActiveCfg = Debug|Any CPU
		{9C678DD3-A5F8-4FE3-B061-B746B632C2B2}.Debug|iPhoneSimulator.Build.0 = Debug|Any CPU
		{9C678DD3-A5F8-4FE3-B061-B746B632C2B2}.Debug|iPhoneSimulator.Deploy.0 = Debug|Any CPU
		{9C678DD3-A5F8-4FE3-B061-B746B632C2B2}.Release|Any CPU.ActiveCfg = Release|Any CPU
		{9C678DD3-A5F8-4FE3-B061-B746B632C2B2}.Release|Any CPU.Build.0 = Release|Any CPU
		{9C678DD3-A5F8-4FE3-B061-B746B632C2B2}.Release|Any CPU.Deploy.0 = Release|Any CPU
		{9C678DD3-A5F8-4FE3-B061-B746B632C2B2}.Release|iPhone.ActiveCfg = Release|Any CPU
		{9C678DD3-A5F8-4FE3-B061-B746B632C2B2}.Release|iPhone.Build.0 = Release|Any CPU
		{9C678DD3-A5F8-4FE3-B061-B746B632C2B2}.Release|iPhone.Deploy.0 = Release|Any CPU
		{9C678DD3-A5F8-4FE3-B061-B746B632C2B2}.Release|iPhoneSimulator.ActiveCfg = Release|Any CPU
		{9C678DD3-A5F8-4FE3-B061-B746B632C2B2}.Release|iPhoneSimulator.Build.0 = Release|Any CPU
		{9C678DD3-A5F8-4FE3-B061-B746B632C2B2}.Release|iPhoneSimulator.Deploy.0 = Release|Any CPU
	EndGlobalSection
	GlobalSection(SolutionProperties) = preSolution
		HideSolutionNode = FALSE
	EndGlobalSection
	GlobalSection(ExtensibilityGlobals) = postSolution
		SolutionGuid = {1CBFBAAD-A357-43A9-A4EE-4C3973EF69E5}
	EndGlobalSection
EndGlobal
