
Microsoft Visual Studio Solution File, Format Version 12.00
# Visual Studio Version 17
VisualStudioVersion = 17.1.32328.378
MinimumVisualStudioVersion = 10.0.40219.1
Project("{FAE04EC0-301F-11D3-BF4B-00C04F79EFBC}") = "Quadratic", "Quadratic.csproj", "{2430FF50-EF04-4AA9-A4CC-8869A3B578A7}"
EndProject
Global
	GlobalSection(SolutionConfigurationPlatforms) = preSolution
		Debug|Any CPU = Debug|Any CPU
		Release|Any CPU = Release|Any CPU
	EndGlobalSection
	GlobalSection(ProjectConfigurationPlatforms) = postSolution
		{2430FF50-EF04-4AA9-A4CC-8869A3B578A7}.Debug|Any CPU.ActiveCfg = Debug|Any CPU
		{2430FF50-EF04-4AA9-A4CC-8869A3B578A7}.Debug|Any CPU.Build.0 = Debug|Any CPU
		{2430FF50-EF04-4AA9-A4CC-8869A3B578A7}.Release|Any CPU.ActiveCfg = Release|Any CPU
		{2430FF50-EF04-4AA9-A4CC-8869A3B578A7}.Release|Any CPU.Build.0 = Release|Any CPU
	EndGlobalSection
	GlobalSection(SolutionProperties) = preSolution
		HideSolutionNode = FALSE
	EndGlobalSection
	GlobalSection(ExtensibilityGlobals) = postSolution
		SolutionGuid = {4B1333BE-832D-4634-84E4-65B00BD987F0}
	EndGlobalSection
EndGlobal
