
Microsoft Visual Studio Solution File, Format Version 12.00
# Visual Studio Version 17
VisualStudioVersion = 17.3.32901.215
MinimumVisualStudioVersion = 10.0.40219.1
Project("{FAE04EC0-301F-11D3-BF4B-00C04F79EFBC}") = "Groups", "Groups.csproj", "{80559E1D-777F-4288-B52E-783E4C2FC280}"
EndProject
Global
	GlobalSection(SolutionConfigurationPlatforms) = preSolution
		Debug|Any CPU = Debug|Any CPU
		Release|Any CPU = Release|Any CPU
	EndGlobalSection
	GlobalSection(ProjectConfigurationPlatforms) = postSolution
		{80559E1D-777F-4288-B52E-783E4C2FC280}.Debug|Any CPU.ActiveCfg = Debug|Any CPU
		{80559E1D-777F-4288-B52E-783E4C2FC280}.Debug|Any CPU.Build.0 = Debug|Any CPU
		{80559E1D-777F-4288-B52E-783E4C2FC280}.Release|Any CPU.ActiveCfg = Release|Any CPU
		{80559E1D-777F-4288-B52E-783E4C2FC280}.Release|Any CPU.Build.0 = Release|Any CPU
	EndGlobalSection
	GlobalSection(SolutionProperties) = preSolution
		HideSolutionNode = FALSE
	EndGlobalSection
	GlobalSection(ExtensibilityGlobals) = postSolution
		SolutionGuid = {BE6D8CC7-D6C1-4A42-8C56-09C71D327232}
	EndGlobalSection
EndGlobal
