
Microsoft Visual Studio Solution File, Format Version 12.00
# Visual Studio Version 17
VisualStudioVersion = 17.1.32328.378
MinimumVisualStudioVersion = 10.0.40219.1
Project("{FAE04EC0-301F-11D3-BF4B-00C04F79EFBC}") = "Android_GPS_Speed", "Android_GPS_Speed.csproj", "{1A3106B6-1F1F-4BA6-8033-277937B35625}"
EndProject
Global
	GlobalSection(SolutionConfigurationPlatforms) = preSolution
		Debug|Any CPU = Debug|Any CPU
		Release|Any CPU = Release|Any CPU
	EndGlobalSection
	GlobalSection(ProjectConfigurationPlatforms) = postSolution
		{1A3106B6-1F1F-4BA6-8033-277937B35625}.Debug|Any CPU.ActiveCfg = Debug|Any CPU
		{1A3106B6-1F1F-4BA6-8033-277937B35625}.Debug|Any CPU.Build.0 = Debug|Any CPU
		{1A3106B6-1F1F-4BA6-8033-277937B35625}.Debug|Any CPU.Deploy.0 = Debug|Any CPU
		{1A3106B6-1F1F-4BA6-8033-277937B35625}.Release|Any CPU.ActiveCfg = Release|Any CPU
		{1A3106B6-1F1F-4BA6-8033-277937B35625}.Release|Any CPU.Build.0 = Release|Any CPU
		{1A3106B6-1F1F-4BA6-8033-277937B35625}.Release|Any CPU.Deploy.0 = Release|Any CPU
	EndGlobalSection
	GlobalSection(SolutionProperties) = preSolution
		HideSolutionNode = FALSE
	EndGlobalSection
	GlobalSection(ExtensibilityGlobals) = postSolution
		SolutionGuid = {7154D6B9-BDDC-4CB6-A5C6-A86A76C9766D}
	EndGlobalSection
EndGlobal
