
Microsoft Visual Studio Solution File, Format Version 12.00
# Visual Studio Version 17
VisualStudioVersion = 17.1.32328.378
MinimumVisualStudioVersion = 10.0.40219.1
Project("{FAE04EC0-301F-11D3-BF4B-00C04F79EFBC}") = "Pythagoras", "Pythagoras.csproj", "{EA249D3E-2706-48CB-BE4A-05EFDFF6E88B}"
EndProject
Global
	GlobalSection(SolutionConfigurationPlatforms) = preSolution
		Debug|Any CPU = Debug|Any CPU
		Release|Any CPU = Release|Any CPU
	EndGlobalSection
	GlobalSection(ProjectConfigurationPlatforms) = postSolution
		{EA249D3E-2706-48CB-BE4A-05EFDFF6E88B}.Debug|Any CPU.ActiveCfg = Debug|Any CPU
		{EA249D3E-2706-48CB-BE4A-05EFDFF6E88B}.Debug|Any CPU.Build.0 = Debug|Any CPU
		{EA249D3E-2706-48CB-BE4A-05EFDFF6E88B}.Release|Any CPU.ActiveCfg = Release|Any CPU
		{EA249D3E-2706-48CB-BE4A-05EFDFF6E88B}.Release|Any CPU.Build.0 = Release|Any CPU
	EndGlobalSection
	GlobalSection(SolutionProperties) = preSolution
		HideSolutionNode = FALSE
	EndGlobalSection
	GlobalSection(ExtensibilityGlobals) = postSolution
		SolutionGuid = {87B45808-1426-4B6A-9D0F-276BEA7A8CD1}
	EndGlobalSection
EndGlobal
